// !$*UTF8*$!
{
	archiveVersion = 1;
	classes = {
	};
	objectVersion = 46;
	objects = {

/* Begin PBXBuildFile section */
		C315E6101CEBFE1300D3D7C1 /* AppDelegate.swift in Sources */ = {isa = PBXBuildFile; fileRef = C315E60F1CEBFE1300D3D7C1 /* AppDelegate.swift */; };
		C315E6121CEBFE1300D3D7C1 /* ViewController.swift in Sources */ = {isa = PBXBuildFile; fileRef = C315E6111CEBFE1300D3D7C1 /* ViewController.swift */; };
		C315E6151CEBFE1300D3D7C1 /* Main.storyboard in Resources */ = {isa = PBXBuildFile; fileRef = C315E6131CEBFE1300D3D7C1 /* Main.storyboard */; };
		C315E6171CEBFE1300D3D7C1 /* Assets.xcassets in Resources */ = {isa = PBXBuildFile; fileRef = C315E6161CEBFE1300D3D7C1 /* Assets.xcassets */; };
		C315E61A1CEBFE1300D3D7C1 /* LaunchScreen.storyboard in Resources */ = {isa = PBXBuildFile; fileRef = C315E6181CEBFE1300D3D7C1 /* LaunchScreen.storyboard */; };
		C315E6251CEBFE1300D3D7C1 /* GlassCalcTests.swift in Sources */ = {isa = PBXBuildFile; fileRef = C315E6241CEBFE1300D3D7C1 /* GlassCalcTests.swift */; };
		C315E6301CEBFE1300D3D7C1 /* GlassCalcUITests.swift in Sources */ = {isa = PBXBuildFile; fileRef = C315E62F1CEBFE1300D3D7C1 /* GlassCalcUITests.swift */; };
		C315E63E1CEC135000D3D7C1 /* ResinModel.swift in Sources */ = {isa = PBXBuildFile; fileRef = C315E63D1CEC135000D3D7C1 /* ResinModel.swift */; };
		C315E6401CEC167500D3D7C1 /* BoardModel.swift in Sources */ = {isa = PBXBuildFile; fileRef = C315E63F1CEC167500D3D7C1 /* BoardModel.swift */; };
/* End PBXBuildFile section */

/* Begin PBXContainerItemProxy section */
		C315E6211CEBFE1300D3D7C1 /* PBXContainerItemProxy */ = {
			isa = PBXContainerItemProxy;
			containerPortal = C315E6041CEBFE1200D3D7C1 /* Project object */;
			proxyType = 1;
			remoteGlobalIDString = C315E60B1CEBFE1200D3D7C1;
			remoteInfo = GlassCalc;
		};
		C315E62C1CEBFE1300D3D7C1 /* PBXContainerItemProxy */ = {
			isa = PBXContainerItemProxy;
			containerPortal = C315E6041CEBFE1200D3D7C1 /* Project object */;
			proxyType = 1;
			remoteGlobalIDString = C315E60B1CEBFE1200D3D7C1;
			remoteInfo = GlassCalc;
		};
/* End PBXContainerItemProxy section */

/* Begin PBXFileReference section */
		C315E60C1CEBFE1200D3D7C1 /* GlassCalc.app */ = {isa = PBXFileReference; explicitFileType = wrapper.application; includeInIndex = 0; path = GlassCalc.app; sourceTree = BUILT_PRODUCTS_DIR; };
		C315E60F1CEBFE1300D3D7C1 /* AppDelegate.swift */ = {isa = PBXFileReference; lastKnownFileType = sourcecode.swift; path = AppDelegate.swift; sourceTree = "<group>"; };
		C315E6111CEBFE1300D3D7C1 /* ViewController.swift */ = {isa = PBXFileReference; lastKnownFileType = sourcecode.swift; path = ViewController.swift; sourceTree = "<group>"; };
		C315E6141CEBFE1300D3D7C1 /* Base */ = {isa = PBXFileReference; lastKnownFileType = file.storyboard; name = Base; path = Base.lproj/Main.storyboard; sourceTree = "<group>"; };
		C315E6161CEBFE1300D3D7C1 /* Assets.xcassets */ = {isa = PBXFileReference; lastKnownFileType = folder.assetcatalog; path = Assets.xcassets; sourceTree = "<group>"; };
		C315E6191CEBFE1300D3D7C1 /* Base */ = {isa = PBXFileReference; lastKnownFileType = file.storyboard; name = Base; path = Base.lproj/LaunchScreen.storyboard; sourceTree = "<group>"; };
		C315E61B1CEBFE1300D3D7C1 /* Info.plist */ = {isa = PBXFileReference; lastKnownFileType = text.plist.xml; path = Info.plist; sourceTree = "<group>"; };
		C315E6201CEBFE1300D3D7C1 /* GlassCalcTests.xctest */ = {isa = PBXFileReference; explicitFileType = wrapper.cfbundle; includeInIndex = 0; path = GlassCalcTests.xctest; sourceTree = BUILT_PRODUCTS_DIR; };
		C315E6241CEBFE1300D3D7C1 /* GlassCalcTests.swift */ = {isa = PBXFileReference; lastKnownFileType = sourcecode.swift; path = GlassCalcTests.swift; sourceTree = "<group>"; };
		C315E6261CEBFE1300D3D7C1 /* Info.plist */ = {isa = PBXFileReference; lastKnownFileType = text.plist.xml; path = Info.plist; sourceTree = "<group>"; };
		C315E62B1CEBFE1300D3D7C1 /* GlassCalcUITests.xctest */ = {isa = PBXFileReference; explicitFileType = wrapper.cfbundle; includeInIndex = 0; path = GlassCalcUITests.xctest; sourceTree = BUILT_PRODUCTS_DIR; };
		C315E62F1CEBFE1300D3D7C1 /* GlassCalcUITests.swift */ = {isa = PBXFileReference; lastKnownFileType = sourcecode.swift; path = GlassCalcUITests.swift; sourceTree = "<group>"; };
		C315E6311CEBFE1300D3D7C1 /* Info.plist */ = {isa = PBXFileReference; lastKnownFileType = text.plist.xml; path = Info.plist; sourceTree = "<group>"; };
		C315E63D1CEC135000D3D7C1 /* ResinModel.swift */ = {isa = PBXFileReference; fileEncoding = 4; lastKnownFileType = sourcecode.swift; path = ResinModel.swift; sourceTree = "<group>"; };
		C315E63F1CEC167500D3D7C1 /* BoardModel.swift */ = {isa = PBXFileReference; fileEncoding = 4; lastKnownFileType = sourcecode.swift; path = BoardModel.swift; sourceTree = "<group>"; };
/* End PBXFileReference section */

/* Begin PBXFrameworksBuildPhase section */
		C315E6091CEBFE1200D3D7C1 /* Frameworks */ = {
			isa = PBXFrameworksBuildPhase;
			buildActionMask = 2147483647;
			files = (
			);
			runOnlyForDeploymentPostprocessing = 0;
		};
		C315E61D1CEBFE1300D3D7C1 /* Frameworks */ = {
			isa = PBXFrameworksBuildPhase;
			buildActionMask = 2147483647;
			files = (
			);
			runOnlyForDeploymentPostprocessing = 0;
		};
		C315E6281CEBFE1300D3D7C1 /* Frameworks */ = {
			isa = PBXFrameworksBuildPhase;
			buildActionMask = 2147483647;
			files = (
			);
			runOnlyForDeploymentPostprocessing = 0;
		};
/* End PBXFrameworksBuildPhase section */

/* Begin PBXGroup section */
		C315E6031CEBFE1200D3D7C1 = {
			isa = PBXGroup;
			children = (
				C315E60E1CEBFE1300D3D7C1 /* GlassCalc */,
				C315E6231CEBFE1300D3D7C1 /* GlassCalcTests */,
				C315E62E1CEBFE1300D3D7C1 /* GlassCalcUITests */,
				C315E60D1CEBFE1200D3D7C1 /* Products */,
			);
			sourceTree = "<group>";
		};
		C315E60D1CEBFE1200D3D7C1 /* Products */ = {
			isa = PBXGroup;
			children = (
				C315E60C1CEBFE1200D3D7C1 /* GlassCalc.app */,
				C315E6201CEBFE1300D3D7C1 /* GlassCalcTests.xctest */,
				C315E62B1CEBFE1300D3D7C1 /* GlassCalcUITests.xctest */,
			);
			name = Products;
			sourceTree = "<group>";
		};
		C315E60E1CEBFE1300D3D7C1 /* GlassCalc */ = {
			isa = PBXGroup;
			children = (
				C315E60F1CEBFE1300D3D7C1 /* AppDelegate.swift */,
				C315E6111CEBFE1300D3D7C1 /* ViewController.swift */,
				C315E63D1CEC135000D3D7C1 /* ResinModel.swift */,
				C315E63F1CEC167500D3D7C1 /* BoardModel.swift */,
				C315E6131CEBFE1300D3D7C1 /* Main.storyboard */,
				C315E6161CEBFE1300D3D7C1 /* Assets.xcassets */,
				C315E6181CEBFE1300D3D7C1 /* LaunchScreen.storyboard */,
				C315E61B1CEBFE1300D3D7C1 /* Info.plist */,
			);
			path = GlassCalc;
			sourceTree = "<group>";
		};
		C315E6231CEBFE1300D3D7C1 /* GlassCalcTests */ = {
			isa = PBXGroup;
			children = (
				C315E6241CEBFE1300D3D7C1 /* GlassCalcTests.swift */,
				C315E6261CEBFE1300D3D7C1 /* Info.plist */,
			);
			path = GlassCalcTests;
			sourceTree = "<group>";
		};
		C315E62E1CEBFE1300D3D7C1 /* GlassCalcUITests */ = {
			isa = PBXGroup;
			children = (
				C315E62F1CEBFE1300D3D7C1 /* GlassCalcUITests.swift */,
				C315E6311CEBFE1300D3D7C1 /* Info.plist */,
			);
			path = GlassCalcUITests;
			sourceTree = "<group>";
		};
/* End PBXGroup section */

/* Begin PBXNativeTarget section */
		C315E60B1CEBFE1200D3D7C1 /* GlassCalc */ = {
			isa = PBXNativeTarget;
			buildConfigurationList = C315E6341CEBFE1300D3D7C1 /* Build configuration list for PBXNativeTarget "GlassCalc" */;
			buildPhases = (
				C315E6081CEBFE1200D3D7C1 /* Sources */,
				C315E6091CEBFE1200D3D7C1 /* Frameworks */,
				C315E60A1CEBFE1200D3D7C1 /* Resources */,
			);
			buildRules = (
			);
			dependencies = (
			);
			name = GlassCalc;
			productName = GlassCalc;
			productReference = C315E60C1CEBFE1200D3D7C1 /* GlassCalc.app */;
			productType = "com.apple.product-type.application";
		};
		C315E61F1CEBFE1300D3D7C1 /* GlassCalcTests */ = {
			isa = PBXNativeTarget;
			buildConfigurationList = C315E6371CEBFE1300D3D7C1 /* Build configuration list for PBXNativeTarget "GlassCalcTests" */;
			buildPhases = (
				C315E61C1CEBFE1300D3D7C1 /* Sources */,
				C315E61D1CEBFE1300D3D7C1 /* Frameworks */,
				C315E61E1CEBFE1300D3D7C1 /* Resources */,
			);
			buildRules = (
			);
			dependencies = (
				C315E6221CEBFE1300D3D7C1 /* PBXTargetDependency */,
			);
			name = GlassCalcTests;
			productName = GlassCalcTests;
			productReference = C315E6201CEBFE1300D3D7C1 /* GlassCalcTests.xctest */;
			productType = "com.apple.product-type.bundle.unit-test";
		};
		C315E62A1CEBFE1300D3D7C1 /* GlassCalcUITests */ = {
			isa = PBXNativeTarget;
			buildConfigurationList = C315E63A1CEBFE1300D3D7C1 /* Build configuration list for PBXNativeTarget "GlassCalcUITests" */;
			buildPhases = (
				C315E6271CEBFE1300D3D7C1 /* Sources */,
				C315E6281CEBFE1300D3D7C1 /* Frameworks */,
				C315E6291CEBFE1300D3D7C1 /* Resources */,
			);
			buildRules = (
			);
			dependencies = (
				C315E62D1CEBFE1300D3D7C1 /* PBXTargetDependency */,
			);
			name = GlassCalcUITests;
			productName = GlassCalcUITests;
			productReference = C315E62B1CEBFE1300D3D7C1 /* GlassCalcUITests.xctest */;
			productType = "com.apple.product-type.bundle.ui-testing";
		};
/* End PBXNativeTarget section */

/* Begin PBXProject section */
		C315E6041CEBFE1200D3D7C1 /* Project object */ = {
			isa = PBXProject;
			attributes = {
				LastSwiftUpdateCheck = 0730;
				LastUpgradeCheck = 0730;
				ORGANIZATIONNAME = gruntsoftware;
				TargetAttributes = {
					C315E60B1CEBFE1200D3D7C1 = {
						CreatedOnToolsVersion = 7.3.1;
					};
					C315E61F1CEBFE1300D3D7C1 = {
						CreatedOnToolsVersion = 7.3.1;
						TestTargetID = C315E60B1CEBFE1200D3D7C1;
					};
					C315E62A1CEBFE1300D3D7C1 = {
						CreatedOnToolsVersion = 7.3.1;
						TestTargetID = C315E60B1CEBFE1200D3D7C1;
					};
				};
			};
			buildConfigurationList = C315E6071CEBFE1200D3D7C1 /* Build configuration list for PBXProject "GlassCalc" */;
			compatibilityVersion = "Xcode 3.2";
			developmentRegion = English;
			hasScannedForEncodings = 0;
			knownRegions = (
				en,
				Base,
			);
			mainGroup = C315E6031CEBFE1200D3D7C1;
			productRefGroup = C315E60D1CEBFE1200D3D7C1 /* Products */;
			projectDirPath = "";
			projectRoot = "";
			targets = (
				C315E60B1CEBFE1200D3D7C1 /* GlassCalc */,
				C315E61F1CEBFE1300D3D7C1 /* GlassCalcTests */,
				C315E62A1CEBFE1300D3D7C1 /* GlassCalcUITests */,
			);
		};
/* End PBXProject section */

/* Begin PBXResourcesBuildPhase section */
		C315E60A1CEBFE1200D3D7C1 /* Resources */ = {
			isa = PBXResourcesBuildPhase;
			buildActionMask = 2147483647;
			files = (
				C315E61A1CEBFE1300D3D7C1 /* LaunchScreen.storyboard in Resources */,
				C315E6171CEBFE1300D3D7C1 /* Assets.xcassets in Resources */,
				C315E6151CEBFE1300D3D7C1 /* Main.storyboard in Resources */,
			);
			runOnlyForDeploymentPostprocessing = 0;
		};
		C315E61E1CEBFE1300D3D7C1 /* Resources */ = {
			isa = PBXResourcesBuildPhase;
			buildActionMask = 2147483647;
			files = (
			);
			runOnlyForDeploymentPostprocessing = 0;
		};
		C315E6291CEBFE1300D3D7C1 /* Resources */ = {
			isa = PBXResourcesBuildPhase;
			buildActionMask = 2147483647;
			files = (
			);
			runOnlyForDeploymentPostprocessing = 0;
		};
/* End PBXResourcesBuildPhase section */

/* Begin PBXSourcesBuildPhase section */
		C315E6081CEBFE1200D3D7C1 /* Sources */ = {
			isa = PBXSourcesBuildPhase;
			buildActionMask = 2147483647;
			files = (
				C315E6401CEC167500D3D7C1 /* BoardModel.swift in Sources */,
				C315E6121CEBFE1300D3D7C1 /* ViewController.swift in Sources */,
				C315E63E1CEC135000D3D7C1 /* ResinModel.swift in Sources */,
				C315E6101CEBFE1300D3D7C1 /* AppDelegate.swift in Sources */,
			);
			runOnlyForDeploymentPostprocessing = 0;
		};
		C315E61C1CEBFE1300D3D7C1 /* Sources */ = {
			isa = PBXSourcesBuildPhase;
			buildActionMask = 2147483647;
			files = (
				C315E6251CEBFE1300D3D7C1 /* GlassCalcTests.swift in Sources */,
			);
			runOnlyForDeploymentPostprocessing = 0;
		};
		C315E6271CEBFE1300D3D7C1 /* Sources */ = {
			isa = PBXSourcesBuildPhase;
			buildActionMask = 2147483647;
			files = (
				C315E6301CEBFE1300D3D7C1 /* GlassCalcUITests.swift in Sources */,
			);
			runOnlyForDeploymentPostprocessing = 0;
		};
/* End PBXSourcesBuildPhase section */

/* Begin PBXTargetDependency section */
		C315E6221CEBFE1300D3D7C1 /* PBXTargetDependency */ = {
			isa = PBXTargetDependency;
			target = C315E60B1CEBFE1200D3D7C1 /* GlassCalc */;
			targetProxy = C315E6211CEBFE1300D3D7C1 /* PBXContainerItemProxy */;
		};
		C315E62D1CEBFE1300D3D7C1 /* PBXTargetDependency */ = {
			isa = PBXTargetDependency;
			target = C315E60B1CEBFE1200D3D7C1 /* GlassCalc */;
			targetProxy = C315E62C1CEBFE1300D3D7C1 /* PBXContainerItemProxy */;
		};
/* End PBXTargetDependency section */

/* Begin PBXVariantGroup section */
		C315E6131CEBFE1300D3D7C1 /* Main.storyboard */ = {
			isa = PBXVariantGroup;
			children = (
				C315E6141CEBFE1300D3D7C1 /* Base */,
			);
			name = Main.storyboard;
			sourceTree = "<group>";
		};
		C315E6181CEBFE1300D3D7C1 /* LaunchScreen.storyboard */ = {
			isa = PBXVariantGroup;
			children = (
				C315E6191CEBFE1300D3D7C1 /* Base */,
			);
			name = LaunchScreen.storyboard;
			sourceTree = "<group>";
		};
/* End PBXVariantGroup section */

/* Begin XCBuildConfiguration section */
		C315E6321CEBFE1300D3D7C1 /* Debug */ = {
			isa = XCBuildConfiguration;
			buildSettings = {
				ALWAYS_SEARCH_USER_PATHS = NO;
				CLANG_ANALYZER_NONNULL = YES;
				CLANG_CXX_LANGUAGE_STANDARD = "gnu++0x";
				CLANG_CXX_LIBRARY = "libc++";
				CLANG_ENABLE_MODULES = YES;
				CLANG_ENABLE_OBJC_ARC = YES;
				CLANG_WARN_BOOL_CONVERSION = YES;
				CLANG_WARN_CONSTANT_CONVERSION = YES;
				CLANG_WARN_DIRECT_OBJC_ISA_USAGE = YES_ERROR;
				CLANG_WARN_EMPTY_BODY = YES;
				CLANG_WARN_ENUM_CONVERSION = YES;
				CLANG_WARN_INT_CONVERSION = YES;
				CLANG_WARN_OBJC_ROOT_CLASS = YES_ERROR;
				CLANG_WARN_UNREACHABLE_CODE = YES;
				CLANG_WARN__DUPLICATE_METHOD_MATCH = YES;
				"CODE_SIGN_IDENTITY[sdk=iphoneos*]" = "iPhone Developer";
				COPY_PHASE_STRIP = NO;
				DEBUG_INFORMATION_FORMAT = dwarf;
				ENABLE_STRICT_OBJC_MSGSEND = YES;
				ENABLE_TESTABILITY = YES;
				GCC_C_LANGUAGE_STANDARD = gnu99;
				GCC_DYNAMIC_NO_PIC = NO;
				GCC_NO_COMMON_BLOCKS = YES;
				GCC_OPTIMIZATION_LEVEL = 0;
				GCC_PREPROCESSOR_DEFINITIONS = (
					"DEBUG=1",
					"$(inherited)",
				);
				GCC_WARN_64_TO_32_BIT_CONVERSION = YES;
				GCC_WARN_ABOUT_RETURN_TYPE = YES_ERROR;
				GCC_WARN_UNDECLARED_SELECTOR = YES;
				GCC_WARN_UNINITIALIZED_AUTOS = YES_AGGRESSIVE;
				GCC_WARN_UNUSED_FUNCTION = YES;
				GCC_WARN_UNUSED_VARIABLE = YES;
				IPHONEOS_DEPLOYMENT_TARGET = 9.3;
				MTL_ENABLE_DEBUG_INFO = YES;
				ONLY_ACTIVE_ARCH = YES;
				SDKROOT = iphoneos;
				SWIFT_OPTIMIZATION_LEVEL = "-Onone";
			};
			name = Debug;
		};
		C315E6331CEBFE1300D3D7C1 /* Release */ = {
			isa = XCBuildConfiguration;
			buildSettings = {
				ALWAYS_SEARCH_USER_PATHS = NO;
				CLANG_ANALYZER_NONNULL = YES;
				CLANG_CXX_LANGUAGE_STANDARD = "gnu++0x";
				CLANG_CXX_LIBRARY = "libc++";
				CLANG_ENABLE_MODULES = YES;
				CLANG_ENABLE_OBJC_ARC = YES;
				CLANG_WARN_BOOL_CONVERSION = YES;
				CLANG_WARN_CONSTANT_CONVERSION = YES;
				CLANG_WARN_DIRECT_OBJC_ISA_USAGE = YES_ERROR;
				CLANG_WARN_EMPTY_BODY = YES;
				CLANG_WARN_ENUM_CONVERSION = YES;
				CLANG_WARN_INT_CONVERSION = YES;
				CLANG_WARN_OBJC_ROOT_CLASS = YES_ERROR;
				CLANG_WARN_UNREACHABLE_CODE = YES;
				CLANG_WARN__DUPLICATE_METHOD_MATCH = YES;
				"CODE_SIGN_IDENTITY[sdk=iphoneos*]" = "iPhone Developer";
				COPY_PHASE_STRIP = NO;
				DEBUG_INFORMATION_FORMAT = "dwarf-with-dsym";
				ENABLE_NS_ASSERTIONS = NO;
				ENABLE_STRICT_OBJC_MSGSEND = YES;
				GCC_C_LANGUAGE_STANDARD = gnu99;
				GCC_NO_COMMON_BLOCKS = YES;
				GCC_WARN_64_TO_32_BIT_CONVERSION = YES;
				GCC_WARN_ABOUT_RETURN_TYPE = YES_ERROR;
				GCC_WARN_UNDECLARED_SELECTOR = YES;
				GCC_WARN_UNINITIALIZED_AUTOS = YES_AGGRESSIVE;
				GCC_WARN_UNUSED_FUNCTION = YES;
				GCC_WARN_UNUSED_VARIABLE = YES;
				IPHONEOS_DEPLOYMENT_TARGET = 9.3;
				MTL_ENABLE_DEBUG_INFO = NO;
				SDKROOT = iphoneos;
				VALIDATE_PRODUCT = YES;
			};
			name = Release;
		};
		C315E6351CEBFE1300D3D7C1 /* Debug */ = {
			isa = XCBuildConfiguration;
			buildSettings = {
				ASSETCATALOG_COMPILER_APPICON_NAME = AppIcon;
				INFOPLIST_FILE = GlassCalc/Info.plist;
				LD_RUNPATH_SEARCH_PATHS = "$(inherited) @executable_path/Frameworks";
				PRODUCT_BUNDLE_IDENTIFIER = com.gruntsoftware.GlassCalc;
				PRODUCT_NAME = "$(TARGET_NAME)";
			};
			name = Debug;
		};
		C315E6361CEBFE1300D3D7C1 /* Release */ = {
			isa = XCBuildConfiguration;
			buildSettings = {
				ASSETCATALOG_COMPILER_APPICON_NAME = AppIcon;
				INFOPLIST_FILE = GlassCalc/Info.plist;
				LD_RUNPATH_SEARCH_PATHS = "$(inherited) @executable_path/Frameworks";
				PRODUCT_BUNDLE_IDENTIFIER = com.gruntsoftware.GlassCalc;
				PRODUCT_NAME = "$(TARGET_NAME)";
			};
			name = Release;
		};
		C315E6381CEBFE1300D3D7C1 /* Debug */ = {
			isa = XCBuildConfiguration;
			buildSettings = {
				BUNDLE_LOADER = "$(TEST_HOST)";
				INFOPLIST_FILE = GlassCalcTests/Info.plist;
				LD_RUNPATH_SEARCH_PATHS = "$(inherited) @executable_path/Frameworks @loader_path/Frameworks";
				PRODUCT_BUNDLE_IDENTIFIER = "com.gruntsoftware.-.GlassCalcTests";
				PRODUCT_NAME = "$(TARGET_NAME)";
				TEST_HOST = "$(BUILT_PRODUCTS_DIR)/GlassCalc.app/GlassCalc";
			};
			name = Debug;
		};
		C315E6391CEBFE1300D3D7C1 /* Release */ = {
			isa = XCBuildConfiguration;
			buildSettings = {
				BUNDLE_LOADER = "$(TEST_HOST)";
				INFOPLIST_FILE = GlassCalcTests/Info.plist;
				LD_RUNPATH_SEARCH_PATHS = "$(inherited) @executable_path/Frameworks @loader_path/Frameworks";
				PRODUCT_BUNDLE_IDENTIFIER = "com.gruntsoftware.-.GlassCalcTests";
				PRODUCT_NAME = "$(TARGET_NAME)";
				TEST_HOST = "$(BUILT_PRODUCTS_DIR)/GlassCalc.app/GlassCalc";
			};
			name = Release;
		};
		C315E63B1CEBFE1300D3D7C1 /* Debug */ = {
			isa = XCBuildConfiguration;
			buildSettings = {
				INFOPLIST_FILE = GlassCalcUITests/Info.plist;
				LD_RUNPATH_SEARCH_PATHS = "$(inherited) @executable_path/Frameworks @loader_path/Frameworks";
				PRODUCT_BUNDLE_IDENTIFIER = "com.gruntsoftware.-.GlassCalcUITests";
				PRODUCT_NAME = "$(TARGET_NAME)";
				TEST_TARGET_NAME = GlassCalc;
			};
			name = Debug;
		};
		C315E63C1CEBFE1300D3D7C1 /* Release */ = {
			isa = XCBuildConfiguration;
			buildSettings = {
				INFOPLIST_FILE = GlassCalcUITests/Info.plist;
				LD_RUNPATH_SEARCH_PATHS = "$(inherited) @executable_path/Frameworks @loader_path/Frameworks";
				PRODUCT_BUNDLE_IDENTIFIER = "com.gruntsoftware.-.GlassCalcUITests";
				PRODUCT_NAME = "$(TARGET_NAME)";
				TEST_TARGET_NAME = GlassCalc;
			};
			name = Release;
		};
/* End XCBuildConfiguration section */

/* Begin XCConfigurationList section */
		C315E6071CEBFE1200D3D7C1 /* Build configuration list for PBXProject "GlassCalc" */ = {
			isa = XCConfigurationList;
			buildConfigurations = (
				C315E6321CEBFE1300D3D7C1 /* Debug */,
				C315E6331CEBFE1300D3D7C1 /* Release */,
			);
			defaultConfigurationIsVisible = 0;
			defaultConfigurationName = Release;
		};
		C315E6341CEBFE1300D3D7C1 /* Build configuration list for PBXNativeTarget "GlassCalc" */ = {
			isa = XCConfigurationList;
			buildConfigurations = (
				C315E6351CEBFE1300D3D7C1 /* Debug */,
				C315E6361CEBFE1300D3D7C1 /* Release */,
			);
			defaultConfigurationIsVisible = 0;
		};
		C315E6371CEBFE1300D3D7C1 /* Build configuration list for PBXNativeTarget "GlassCalcTests" */ = {
			isa = XCConfigurationList;
			buildConfigurations = (
				C315E6381CEBFE1300D3D7C1 /* Debug */,
				C315E6391CEBFE1300D3D7C1 /* Release */,
			);
			defaultConfigurationIsVisible = 0;
		};
		C315E63A1CEBFE1300D3D7C1 /* Build configuration list for PBXNativeTarget "GlassCalcUITests" */ = {
			isa = XCConfigurationList;
			buildConfigurations = (
				C315E63B1CEBFE1300D3D7C1 /* Debug */,
				C315E63C1CEBFE1300D3D7C1 /* Release */,
			);
			defaultConfigurationIsVisible = 0;
		};
/* End XCConfigurationList section */
	};
	rootObject = C315E6041CEBFE1200D3D7C1 /* Project object */;
}
